
Microsoft Visual Studio Solution File, Format Version 12.00
# Visual Studio 14
VisualStudioVersion = 14.0.25420.1
MinimumVisualStudioVersion = 10.0.40219.1
Project("{FAE04EC0-301F-11D3-BF4B-00C04F79EFBC}") = "WebDrh", "WebDrh\WebDrh.csproj", "{AEBCBFE9-8643-49BC-B39D-ABA2257F5058}"
EndProject
Project("{FAE04EC0-301F-11D3-BF4B-00C04F79EFBC}") = "WebDrh.Tests", "WebDrh.Tests\WebDrh.Tests.csproj", "{14342C49-3445-4C6E-8BF1-3ADE15561EEB}"
EndProject
Project("{2150E333-8FDC-42A3-9474-1A3956D46DE8}") = "Tests", "Tests", "{A7B7B094-3CD7-4531-B02D-99F7D81E22CB}"
EndProject
Global
	GlobalSection(SolutionConfigurationPlatforms) = preSolution
		Debug|Any CPU = Debug|Any CPU
		Release|Any CPU = Release|Any CPU
	EndGlobalSection
	GlobalSection(ProjectConfigurationPlatforms) = postSolution
		{AEBCBFE9-8643-49BC-B39D-ABA2257F5058}.Debug|Any CPU.ActiveCfg = Debug|Any CPU
		{AEBCBFE9-8643-49BC-B39D-ABA2257F5058}.Debug|Any CPU.Build.0 = Debug|Any CPU
		{AEBCBFE9-8643-49BC-B39D-ABA2257F5058}.Release|Any CPU.ActiveCfg = Release|Any CPU
		{AEBCBFE9-8643-49BC-B39D-ABA2257F5058}.Release|Any CPU.Build.0 = Release|Any CPU
		{14342C49-3445-4C6E-8BF1-3ADE15561EEB}.Debug|Any CPU.ActiveCfg = Debug|Any CPU
		{14342C49-3445-4C6E-8BF1-3ADE15561EEB}.Debug|Any CPU.Build.0 = Debug|Any CPU
		{14342C49-3445-4C6E-8BF1-3ADE15561EEB}.Release|Any CPU.ActiveCfg = Release|Any CPU
		{14342C49-3445-4C6E-8BF1-3ADE15561EEB}.Release|Any CPU.Build.0 = Release|Any CPU
	EndGlobalSection
	GlobalSection(SolutionProperties) = preSolution
		HideSolutionNode = FALSE
	EndGlobalSection
	GlobalSection(NestedProjects) = preSolution
		{14342C49-3445-4C6E-8BF1-3ADE15561EEB} = {A7B7B094-3CD7-4531-B02D-99F7D81E22CB}
	EndGlobalSection
EndGlobal
